{
  "name": "hville.github.io",
  "version": "1.0.0",
  "lockfileVersion": 2,
  "requires": true,
  "packages": {
    "": {
      "name": "hville.github.io",
      "version": "1.0.0",
      "license": "UNLICENSED",
      "dependencies": {
        "@hugov/correl-range": "^0.2.2",
        "@hugov/inhtml": "^0.4.1",
        "@hugov/shorter-string": "^0.2.1",
        "array-order": "^2.2.0",
        "grosso-modo": "^4.1.0",
        "lazy-stats": "^3.1.1",
        "norm-dist": "^3.0.1",
        "pico-parse": "^0.15.1",
        "prismjs": "^1.25.0",
        "sample-distribution": "^1.4.0"
      },
      "devDependencies": {
        "@hugov/unnode": "^0.0.4"
      }
    },
    "node_modules/@hugov/correl-range": {
      "version": "0.2.2",
      "resolved": "https://registry.npmjs.org/@hugov/correl-range/-/correl-range-0.2.2.tgz",
      "integrity": "sha512-1s8svm2SYhSs15WArvBUJi16tNWHR38DQ5pzNsGKAVpcSjaFr8JY44WH2Sfge6uBO8M0G0kjnKBqnW371xxMZQ==",
      "dependencies": {
        "array-order": "^2.2.0",
        "norm-dist": "^3.0.1"
      }
    },
    "node_modules/@hugov/inhtml": {
      "version": "0.4.1",
      "resolved": "https://registry.npmjs.org/@hugov/inhtml/-/inhtml-0.4.1.tgz",
      "integrity": "sha512-KUyCz8UFkeuwXGSFN4GDTqXYclfjHmiMfhartoJmT8La2WkoBAlzPPi0LR48Bmy2qmiBLCGcFC5ZeXahcPLhZQ=="
    },
    "node_modules/@hugov/shorter-string": {
      "version": "0.2.1",
      "resolved": "https://registry.npmjs.org/@hugov/shorter-string/-/shorter-string-0.2.1.tgz",
      "integrity": "sha512-NAxf1o8DA2KA0///Fj66K35AA1PWxCMBtOBm7Kh1BG03D88QLCxxyyjwJoYhv6lOcMMKlh0wdAtX7GBLS0FDiA=="
    },
    "node_modules/@hugov/unnode": {
      "version": "0.0.4",
      "resolved": "https://registry.npmjs.org/@hugov/unnode/-/unnode-0.0.4.tgz",
      "integrity": "sha512-3YRMiKgVvE5/O+Js7loPjeKuR6FjS1UXugEwBGWdY5yp75jt/oA6xQ9+GsmmmIVkrZ5o7l9vkgPLqXK7ndN7fw==",
      "dev": true,
      "dependencies": {
        "esbuild": "^0.14.21",
        "ignore-walk": "^4.0.1"
      },
      "bin": {
        "unnode": "cli.js"
      }
    },
    "node_modules/array-order": {
      "version": "2.2.0",
      "resolved": "https://registry.npmjs.org/array-order/-/array-order-2.2.0.tgz",
      "integrity": "sha512-9CzSh/fSVTVc36cbt0usGAHVHubmp0tybnr7N/Ojw95RwlUf2kGj4F41xlHaVnTLBpoyBug5bYRG0mnIJb/0mA=="
    },
    "node_modules/balanced-match": {
      "version": "1.0.2",
      "resolved": "https://registry.npmjs.org/balanced-match/-/balanced-match-1.0.2.tgz",
      "integrity": "sha512-3oSeUO0TMV67hN1AmbXsK4yaqU7tjiHlbxRDZOpH0KW9+CeX4bRAaX0Anxt0tx2MrpRpWwQaPwIlISEJhYU5Pw==",
      "dev": true
    },
    "node_modules/brace-expansion": {
      "version": "1.1.11",
      "resolved": "https://registry.npmjs.org/brace-expansion/-/brace-expansion-1.1.11.tgz",
      "integrity": "sha512-iCuPHDFgrHX7H2vEI/5xpz07zSHB00TpugqhmYtVmMO6518mCuRMoOYFldEBl0g187ufozdaHgWKcYFb61qGiA==",
      "dev": true,
      "dependencies": {
        "balanced-match": "^1.0.0",
        "concat-map": "0.0.1"
      }
    },
    "node_modules/concat-map": {
      "version": "0.0.1",
      "resolved": "https://registry.npmjs.org/concat-map/-/concat-map-0.0.1.tgz",
      "integrity": "sha1-2Klr13/Wjfd5OnMDajug1UBdR3s=",
      "dev": true
    },
    "node_modules/esbuild": {
      "version": "0.14.21",
      "resolved": "https://registry.npmjs.org/esbuild/-/esbuild-0.14.21.tgz",
      "integrity": "sha512-7WEoNMBJdLN993dr9h0CpFHPRc3yFZD+EAVY9lg6syJJ12gc5fHq8d75QRExuhnMkT2DaRiIKFThRvDWP+fO+A==",
      "dev": true,
      "hasInstallScript": true,
      "bin": {
        "esbuild": "bin/esbuild"
      },
      "engines": {
        "node": ">=12"
      },
      "optionalDependencies": {
        "esbuild-android-arm64": "0.14.21",
        "esbuild-darwin-64": "0.14.21",
        "esbuild-darwin-arm64": "0.14.21",
        "esbuild-freebsd-64": "0.14.21",
        "esbuild-freebsd-arm64": "0.14.21",
        "esbuild-linux-32": "0.14.21",
        "esbuild-linux-64": "0.14.21",
        "esbuild-linux-arm": "0.14.21",
        "esbuild-linux-arm64": "0.14.21",
        "esbuild-linux-mips64le": "0.14.21",
        "esbuild-linux-ppc64le": "0.14.21",
        "esbuild-linux-riscv64": "0.14.21",
        "esbuild-linux-s390x": "0.14.21",
        "esbuild-netbsd-64": "0.14.21",
        "esbuild-openbsd-64": "0.14.21",
        "esbuild-sunos-64": "0.14.21",
        "esbuild-windows-32": "0.14.21",
        "esbuild-windows-64": "0.14.21",
        "esbuild-windows-arm64": "0.14.21"
      }
    },
    "node_modules/esbuild-android-arm64": {
      "version": "0.14.21",
      "resolved": "https://registry.npmjs.org/esbuild-android-arm64/-/esbuild-android-arm64-0.14.21.tgz",
      "integrity": "sha512-Bqgld1TY0wZv8TqiQmVxQFgYzz8ZmyzT7clXBDZFkOOdRybzsnj8AZuK1pwcLVA7Ya6XncHgJqIao7NFd3s0RQ==",
      "cpu": [
        "arm64"
      ],
      "dev": true,
      "optional": true,
      "os": [
        "android"
      ],
      "engines": {
        "node": ">=12"
      }
    },
    "node_modules/esbuild-darwin-64": {
      "version": "0.14.21",
      "resolved": "https://registry.npmjs.org/esbuild-darwin-64/-/esbuild-darwin-64-0.14.21.tgz",
      "integrity": "sha512-j+Eg+e13djzyYINVvAbOo2/zvZ2DivuJJTaBrJnJHSD7kUNuGHRkHoSfFjbI80KHkn091w350wdmXDNSgRjfYQ==",
      "cpu": [
        "x64"
      ],
      "dev": true,
      "optional": true,
      "os": [
        "darwin"
      ],
      "engines": {
        "node": ">=12"
      }
    },
    "node_modules/esbuild-darwin-arm64": {
      "version": "0.14.21",
      "resolved": "https://registry.npmjs.org/esbuild-darwin-arm64/-/esbuild-darwin-arm64-0.14.21.tgz",
      "integrity": "sha512-nDNTKWDPI0RuoPj5BhcSB2z5EmZJJAyRtZLIjyXSqSpAyoB8eyAKXl4lB8U2P78Fnh4Lh1le/fmpewXE04JhBQ==",
      "cpu": [
        "arm64"
      ],
      "dev": true,
      "optional": true,
      "os": [
        "darwin"
      ],
      "engines": {
        "node": ">=12"
      }
    },
    "node_modules/esbuild-freebsd-64": {
      "version": "0.14.21",
      "resolved": "https://registry.npmjs.org/esbuild-freebsd-64/-/esbuild-freebsd-64-0.14.21.tgz",
      "integrity": "sha512-zIurkCHXhxELiDZtLGiexi8t8onQc2LtuE+S7457H/pP0g0MLRKMrsn/IN4LDkNe6lvBjuoZZi2OfelOHn831g==",
      "cpu": [
        "x64"
      ],
      "dev": true,
      "optional": true,
      "os": [
        "freebsd"
      ],
      "engines": {
        "node": ">=12"
      }
    },
    "node_modules/esbuild-freebsd-arm64": {
      "version": "0.14.21",
      "resolved": "https://registry.npmjs.org/esbuild-freebsd-arm64/-/esbuild-freebsd-arm64-0.14.21.tgz",
      "integrity": "sha512-wdxMmkJfbwcN+q85MpeUEamVZ40FNsBa9mPq8tAszDn8TRT2HoJvVRADPIIBa9SWWwlDChIMjkDKAnS3KS/sPA==",
      "cpu": [
        "arm64"
      ],
      "dev": true,
      "optional": true,
      "os": [
        "freebsd"
      ],
      "engines": {
        "node": ">=12"
      }
    },
    "node_modules/esbuild-linux-32": {
      "version": "0.14.21",
      "resolved": "https://registry.npmjs.org/esbuild-linux-32/-/esbuild-linux-32-0.14.21.tgz",
      "integrity": "sha512-fmxvyzOPPh2xiEHojpCeIQP6pXcoKsWbz3ryDDIKLOsk4xp3GbpHIEAWP0xTeuhEbendmvBDVKbAVv3PnODXLg==",
      "cpu": [
        "ia32"
      ],
      "dev": true,
      "optional": true,
      "os": [
        "linux"
      ],
      "engines": {
        "node": ">=12"
      }
    },
    "node_modules/esbuild-linux-64": {
      "version": "0.14.21",
      "resolved": "https://registry.npmjs.org/esbuild-linux-64/-/esbuild-linux-64-0.14.21.tgz",
      "integrity": "sha512-edZyNOv1ql+kpmlzdqzzDjRQYls+tSyi4QFi+PdBhATJFUqHsnNELWA9vMSzAaInPOEaVUTA5Ml28XFChcy4DA==",
      "cpu": [
        "x64"
      ],
      "dev": true,
      "optional": true,
      "os": [
        "linux"
      ],
      "engines": {
        "node": ">=12"
      }
    },
    "node_modules/esbuild-linux-arm": {
      "version": "0.14.21",
      "resolved": "https://registry.npmjs.org/esbuild-linux-arm/-/esbuild-linux-arm-0.14.21.tgz",
      "integrity": "sha512-aSU5pUueK6afqmLQsbU+QcFBT62L+4G9hHMJDHWfxgid6hzhSmfRH9U/f+ymvxsSTr/HFRU4y7ox8ZyhlVl98w==",
      "cpu": [
        "arm"
      ],
      "dev": true,
      "optional": true,
      "os": [
        "linux"
      ],
      "engines": {
        "node": ">=12"
      }
    },
    "node_modules/esbuild-linux-arm64": {
      "version": "0.14.21",
      "resolved": "https://registry.npmjs.org/esbuild-linux-arm64/-/esbuild-linux-arm64-0.14.21.tgz",
      "integrity": "sha512-t5qxRkq4zdQC0zXpzSB2bTtfLgOvR0C6BXYaRE/6/k8/4SrkZcTZBeNu+xGvwCU4b5dU9ST9pwIWkK6T1grS8g==",
      "cpu": [
        "arm64"
      ],
      "dev": true,
      "optional": true,
      "os": [
        "linux"
      ],
      "engines": {
        "node": ">=12"
      }
    },
    "node_modules/esbuild-linux-mips64le": {
      "version": "0.14.21",
      "resolved": "https://registry.npmjs.org/esbuild-linux-mips64le/-/esbuild-linux-mips64le-0.14.21.tgz",
      "integrity": "sha512-jLZLQGCNlUsmIHtGqNvBs3zN+7a4D9ckf0JZ+jQTwHdZJ1SgV9mAjbB980OFo66LoY+WeM7t3WEnq3FjI1zw4A==",
      "cpu": [
        "mips64el"
      ],
      "dev": true,
      "optional": true,
      "os": [
        "linux"
      ],
      "engines": {
        "node": ">=12"
      }
    },
    "node_modules/esbuild-linux-ppc64le": {
      "version": "0.14.21",
      "resolved": "https://registry.npmjs.org/esbuild-linux-ppc64le/-/esbuild-linux-ppc64le-0.14.21.tgz",
      "integrity": "sha512-4TWxpK391en2UBUw6GSrukToTDu6lL9vkm3Ll40HrI08WG3qcnJu7bl8e1+GzelDsiw1QmfAY/nNvJ6iaHRpCQ==",
      "cpu": [
        "ppc64"
      ],
      "dev": true,
      "optional": true,
      "os": [
        "linux"
      ],
      "engines": {
        "node": ">=12"
      }
    },
    "node_modules/esbuild-linux-riscv64": {
      "version": "0.14.21",
      "resolved": "https://registry.npmjs.org/esbuild-linux-riscv64/-/esbuild-linux-riscv64-0.14.21.tgz",
      "integrity": "sha512-fElngqOaOfTsF+u+oetDLHsPG74vB2ZaGZUqmGefAJn3a5z9Z2pNa4WpVbbKgHpaAAy5tWM1m1sbGohj6Ki6+Q==",
      "cpu": [
        "riscv64"
      ],
      "dev": true,
      "optional": true,
      "os": [
        "linux"
      ],
      "engines": {
        "node": ">=12"
      }
    },
    "node_modules/esbuild-linux-s390x": {
      "version": "0.14.21",
      "resolved": "https://registry.npmjs.org/esbuild-linux-s390x/-/esbuild-linux-s390x-0.14.21.tgz",
      "integrity": "sha512-brleZ6R5fYv0qQ7ZBwenQmP6i9TdvJCB092c/3D3pTLQHBGHJb5zWgKxOeS7bdHzmLy6a6W7GbFk6QKpjyD6QA==",
      "cpu": [
        "s390x"
      ],
      "dev": true,
      "optional": true,
      "os": [
        "linux"
      ],
      "engines": {
        "node": ">=12"
      }
    },
    "node_modules/esbuild-netbsd-64": {
      "version": "0.14.21",
      "resolved": "https://registry.npmjs.org/esbuild-netbsd-64/-/esbuild-netbsd-64-0.14.21.tgz",
      "integrity": "sha512-nCEgsLCQ8RoFWVV8pVI+kX66ICwbPP/M9vEa0NJGIEB/Vs5sVGMqkf67oln90XNSkbc0bPBDuo4G6FxlF7PN8g==",
      "cpu": [
        "x64"
      ],
      "dev": true,
      "optional": true,
      "os": [
        "netbsd"
      ],
      "engines": {
        "node": ">=12"
      }
    },
    "node_modules/esbuild-openbsd-64": {
      "version": "0.14.21",
      "resolved": "https://registry.npmjs.org/esbuild-openbsd-64/-/esbuild-openbsd-64-0.14.21.tgz",
      "integrity": "sha512-h9zLMyVD0T73MDTVYIb/qUTokwI6EJH9O6wESuTNq6+XpMSr6C5aYZ4fvFKdNELW+Xsod+yDS2hV2JTUAbFrLA==",
      "cpu": [
        "x64"
      ],
      "dev": true,
      "optional": true,
      "os": [
        "openbsd"
      ],
      "engines": {
        "node": ">=12"
      }
    },
    "node_modules/esbuild-sunos-64": {
      "version": "0.14.21",
      "resolved": "https://registry.npmjs.org/esbuild-sunos-64/-/esbuild-sunos-64-0.14.21.tgz",
      "integrity": "sha512-Kl+7Cot32qd9oqpLdB1tEGXEkjBlijrIxMJ0+vlDFaqsODutif25on0IZlFxEBtL2Gosd4p5WCV1U7UskNQfXA==",
      "cpu": [
        "x64"
      ],
      "dev": true,
      "optional": true,
      "os": [
        "sunos"
      ],
      "engines": {
        "node": ">=12"
      }
    },
    "node_modules/esbuild-windows-32": {
      "version": "0.14.21",
      "resolved": "https://registry.npmjs.org/esbuild-windows-32/-/esbuild-windows-32-0.14.21.tgz",
      "integrity": "sha512-V7vnTq67xPBUCk/9UtlolmQ798Ecjdr1ZoI1vcSgw7M82aSSt0eZdP6bh5KAFZU8pxDcx3qoHyWQfHYr11f22A==",
      "cpu": [
        "ia32"
      ],
      "dev": true,
      "optional": true,
      "os": [
        "win32"
      ],
      "engines": {
        "node": ">=12"
      }
    },
    "node_modules/esbuild-windows-64": {
      "version": "0.14.21",
      "resolved": "https://registry.npmjs.org/esbuild-windows-64/-/esbuild-windows-64-0.14.21.tgz",
      "integrity": "sha512-kDgHjKOHwjfJDCyRGELzVxiP/RBJBTA+wyspf78MTTJQkyPuxH2vChReNdWc+dU2S4gIZFHMdP1Qrl/k22ZmaA==",
      "cpu": [
        "x64"
      ],
      "dev": true,
      "optional": true,
      "os": [
        "win32"
      ],
      "engines": {
        "node": ">=12"
      }
    },
    "node_modules/esbuild-windows-arm64": {
      "version": "0.14.21",
      "resolved": "https://registry.npmjs.org/esbuild-windows-arm64/-/esbuild-windows-arm64-0.14.21.tgz",
      "integrity": "sha512-8Sbo0zpzgwWrwjQYLmHF78f7E2xg5Ve63bjB2ng3V2aManilnnTGaliq2snYg+NOX60+hEvJHRdVnuIAHW0lVw==",
      "cpu": [
        "arm64"
      ],
      "dev": true,
      "optional": true,
      "os": [
        "win32"
      ],
      "engines": {
        "node": ">=12"
      }
    },
    "node_modules/grosso-modo": {
      "version": "4.1.0",
      "resolved": "https://registry.npmjs.org/grosso-modo/-/grosso-modo-4.1.0.tgz",
      "integrity": "sha512-AtQcERjnw0k5ZJkBL3XL/7G5XtJWx+8suLD4YUA+IZbTtavkNSZ+MoknhKu9XEcNqjXBLKagHLSnx9F6dLc5+Q==",
      "dependencies": {
        "norm-dist": "^3.0.1",
        "walk-z": "^3.0.1"
      }
    },
    "node_modules/ignore-walk": {
      "version": "4.0.1",
      "resolved": "https://registry.npmjs.org/ignore-walk/-/ignore-walk-4.0.1.tgz",
      "integrity": "sha512-rzDQLaW4jQbh2YrOFlJdCtX8qgJTehFRYiUB2r1osqTeDzV/3+Jh8fz1oAPzUThf3iku8Ds4IDqawI5d8mUiQw==",
      "dev": true,
      "dependencies": {
        "minimatch": "^3.0.4"
      },
      "engines": {
        "node": ">=10"
      }
    },
    "node_modules/lazy-stats": {
      "version": "3.1.1",
      "resolved": "https://registry.npmjs.org/lazy-stats/-/lazy-stats-3.1.1.tgz",
      "integrity": "sha512-L9tOfHJR11/1T5cVWmnQvVH2HixRR46Nd3V6N68fKkbIXc743gilszCrFi/lcCeNICgPuMJ8m3zHxpa9mdfs6A=="
    },
    "node_modules/minimatch": {
      "version": "3.1.2",
      "resolved": "https://registry.npmjs.org/minimatch/-/minimatch-3.1.2.tgz",
      "integrity": "sha512-J7p63hRiAjw1NDEww1W7i37+ByIrOWO5XQQAzZ3VOcL0PNybwpfmV/N05zFAzwQ9USyEcX6t3UO+K5aqBQOIHw==",
      "dev": true,
      "dependencies": {
        "brace-expansion": "^1.1.7"
      },
      "engines": {
        "node": "*"
      }
    },
    "node_modules/norm-dist": {
      "version": "3.0.1",
      "resolved": "https://registry.npmjs.org/norm-dist/-/norm-dist-3.0.1.tgz",
      "integrity": "sha512-GXFoOTHjItCsrvrWWVSfvlB6W2e/V/qaRGbtIO8CkDG38WGh9rHh0hXooySJRTl+XEs1kkzl/JfvQH6wregN/Q=="
    },
    "node_modules/pico-parse": {
      "version": "0.15.1",
      "resolved": "https://registry.npmjs.org/pico-parse/-/pico-parse-0.15.1.tgz",
      "integrity": "sha512-BX8DCXrDI9ekum+rEDVQtjChcc5jck4PeXUQ7soMbLI7IQVPwkqxwAlzhvdkshS2h4l+shZ7Q9476sEck4cVsA=="
    },
    "node_modules/prismjs": {
      "version": "1.25.0",
      "resolved": "https://registry.npmjs.org/prismjs/-/prismjs-1.25.0.tgz",
      "integrity": "sha512-WCjJHl1KEWbnkQom1+SzftbtXMKQoezOCYs5rECqMN+jP+apI7ftoflyqigqzopSO3hMhTEb0mFClA8lkolgEg=="
    },
    "node_modules/sample-distribution": {
      "version": "1.4.0",
      "resolved": "https://registry.npmjs.org/sample-distribution/-/sample-distribution-1.4.0.tgz",
      "integrity": "sha512-33LeotWKHSsdlTbtfMEk6LJ+J5hOe9wCuFGCbSpO6/6dYg8h50iIOzH+JJ7c9yMQDNRosHDB3DF6F0dt6xtlbA=="
    },
    "node_modules/walk-z": {
      "version": "3.0.1",
      "resolved": "https://registry.npmjs.org/walk-z/-/walk-z-3.0.1.tgz",
      "integrity": "sha512-qXDZjhcKAllkdtpxOE3hTRMtysqLYnh0V13mmO7vFXFeliMs6mCrsP9KmwalLaEiMzVnkl7krDGRSEZNacGWZA==",
      "dependencies": {
        "norm-dist": "^2.0.1"
      }
    },
    "node_modules/walk-z/node_modules/norm-dist": {
      "version": "2.0.2",
      "resolved": "https://registry.npmjs.org/norm-dist/-/norm-dist-2.0.2.tgz",
      "integrity": "sha512-5MKDFbgclvpodGwiZaADVKH9IGb7cpgIDDJX6ucY3Z76S8Zk+u9ur888VBJfGVfwFsuSEn6Lta6WZRRZuxoI5w=="
    }
  },
  "dependencies": {
    "@hugov/correl-range": {
      "version": "0.2.2",
      "resolved": "https://registry.npmjs.org/@hugov/correl-range/-/correl-range-0.2.2.tgz",
      "integrity": "sha512-1s8svm2SYhSs15WArvBUJi16tNWHR38DQ5pzNsGKAVpcSjaFr8JY44WH2Sfge6uBO8M0G0kjnKBqnW371xxMZQ==",
      "requires": {
        "array-order": "^2.2.0",
        "norm-dist": "^3.0.1"
      }
    },
    "@hugov/inhtml": {
      "version": "0.4.1",
      "resolved": "https://registry.npmjs.org/@hugov/inhtml/-/inhtml-0.4.1.tgz",
      "integrity": "sha512-KUyCz8UFkeuwXGSFN4GDTqXYclfjHmiMfhartoJmT8La2WkoBAlzPPi0LR48Bmy2qmiBLCGcFC5ZeXahcPLhZQ=="
    },
    "@hugov/shorter-string": {
      "version": "0.2.1",
      "resolved": "https://registry.npmjs.org/@hugov/shorter-string/-/shorter-string-0.2.1.tgz",
      "integrity": "sha512-NAxf1o8DA2KA0///Fj66K35AA1PWxCMBtOBm7Kh1BG03D88QLCxxyyjwJoYhv6lOcMMKlh0wdAtX7GBLS0FDiA=="
    },
    "@hugov/unnode": {
      "version": "0.0.4",
      "resolved": "https://registry.npmjs.org/@hugov/unnode/-/unnode-0.0.4.tgz",
      "integrity": "sha512-3YRMiKgVvE5/O+Js7loPjeKuR6FjS1UXugEwBGWdY5yp75jt/oA6xQ9+GsmmmIVkrZ5o7l9vkgPLqXK7ndN7fw==",
      "dev": true,
      "requires": {
        "esbuild": "^0.14.21",
        "ignore-walk": "^4.0.1"
      }
    },
    "array-order": {
      "version": "2.2.0",
      "resolved": "https://registry.npmjs.org/array-order/-/array-order-2.2.0.tgz",
      "integrity": "sha512-9CzSh/fSVTVc36cbt0usGAHVHubmp0tybnr7N/Ojw95RwlUf2kGj4F41xlHaVnTLBpoyBug5bYRG0mnIJb/0mA=="
    },
    "balanced-match": {
      "version": "1.0.2",
      "resolved": "https://registry.npmjs.org/balanced-match/-/balanced-match-1.0.2.tgz",
      "integrity": "sha512-3oSeUO0TMV67hN1AmbXsK4yaqU7tjiHlbxRDZOpH0KW9+CeX4bRAaX0Anxt0tx2MrpRpWwQaPwIlISEJhYU5Pw==",
      "dev": true
    },
    "brace-expansion": {
      "version": "1.1.11",
      "resolved": "https://registry.npmjs.org/brace-expansion/-/brace-expansion-1.1.11.tgz",
      "integrity": "sha512-iCuPHDFgrHX7H2vEI/5xpz07zSHB00TpugqhmYtVmMO6518mCuRMoOYFldEBl0g187ufozdaHgWKcYFb61qGiA==",
      "dev": true,
      "requires": {
        "balanced-match": "^1.0.0",
        "concat-map": "0.0.1"
      }
    },
    "concat-map": {
      "version": "0.0.1",
      "resolved": "https://registry.npmjs.org/concat-map/-/concat-map-0.0.1.tgz",
      "integrity": "sha1-2Klr13/Wjfd5OnMDajug1UBdR3s=",
      "dev": true
    },
    "esbuild": {
      "version": "0.14.21",
      "resolved": "https://registry.npmjs.org/esbuild/-/esbuild-0.14.21.tgz",
      "integrity": "sha512-7WEoNMBJdLN993dr9h0CpFHPRc3yFZD+EAVY9lg6syJJ12gc5fHq8d75QRExuhnMkT2DaRiIKFThRvDWP+fO+A==",
      "dev": true,
      "requires": {
        "esbuild-android-arm64": "0.14.21",
        "esbuild-darwin-64": "0.14.21",
        "esbuild-darwin-arm64": "0.14.21",
        "esbuild-freebsd-64": "0.14.21",
        "esbuild-freebsd-arm64": "0.14.21",
        "esbuild-linux-32": "0.14.21",
        "esbuild-linux-64": "0.14.21",
        "esbuild-linux-arm": "0.14.21",
        "esbuild-linux-arm64": "0.14.21",
        "esbuild-linux-mips64le": "0.14.21",
        "esbuild-linux-ppc64le": "0.14.21",
        "esbuild-linux-riscv64": "0.14.21",
        "esbuild-linux-s390x": "0.14.21",
        "esbuild-netbsd-64": "0.14.21",
        "esbuild-openbsd-64": "0.14.21",
        "esbuild-sunos-64": "0.14.21",
        "esbuild-windows-32": "0.14.21",
        "esbuild-windows-64": "0.14.21",
        "esbuild-windows-arm64": "0.14.21"
      }
    },
    "esbuild-android-arm64": {
      "version": "0.14.21",
      "resolved": "https://registry.npmjs.org/esbuild-android-arm64/-/esbuild-android-arm64-0.14.21.tgz",
      "integrity": "sha512-Bqgld1TY0wZv8TqiQmVxQFgYzz8ZmyzT7clXBDZFkOOdRybzsnj8AZuK1pwcLVA7Ya6XncHgJqIao7NFd3s0RQ==",
      "dev": true,
      "optional": true
    },
    "esbuild-darwin-64": {
      "version": "0.14.21",
      "resolved": "https://registry.npmjs.org/esbuild-darwin-64/-/esbuild-darwin-64-0.14.21.tgz",
      "integrity": "sha512-j+Eg+e13djzyYINVvAbOo2/zvZ2DivuJJTaBrJnJHSD7kUNuGHRkHoSfFjbI80KHkn091w350wdmXDNSgRjfYQ==",
      "dev": true,
      "optional": true
    },
    "esbuild-darwin-arm64": {
      "version": "0.14.21",
      "resolved": "https://registry.npmjs.org/esbuild-darwin-arm64/-/esbuild-darwin-arm64-0.14.21.tgz",
      "integrity": "sha512-nDNTKWDPI0RuoPj5BhcSB2z5EmZJJAyRtZLIjyXSqSpAyoB8eyAKXl4lB8U2P78Fnh4Lh1le/fmpewXE04JhBQ==",
      "dev": true,
      "optional": true
    },
    "esbuild-freebsd-64": {
      "version": "0.14.21",
      "resolved": "https://registry.npmjs.org/esbuild-freebsd-64/-/esbuild-freebsd-64-0.14.21.tgz",
      "integrity": "sha512-zIurkCHXhxELiDZtLGiexi8t8onQc2LtuE+S7457H/pP0g0MLRKMrsn/IN4LDkNe6lvBjuoZZi2OfelOHn831g==",
      "dev": true,
      "optional": true
    },
    "esbuild-freebsd-arm64": {
      "version": "0.14.21",
      "resolved": "https://registry.npmjs.org/esbuild-freebsd-arm64/-/esbuild-freebsd-arm64-0.14.21.tgz",
      "integrity": "sha512-wdxMmkJfbwcN+q85MpeUEamVZ40FNsBa9mPq8tAszDn8TRT2HoJvVRADPIIBa9SWWwlDChIMjkDKAnS3KS/sPA==",
      "dev": true,
      "optional": true
    },
    "esbuild-linux-32": {
      "version": "0.14.21",
      "resolved": "https://registry.npmjs.org/esbuild-linux-32/-/esbuild-linux-32-0.14.21.tgz",
      "integrity": "sha512-fmxvyzOPPh2xiEHojpCeIQP6pXcoKsWbz3ryDDIKLOsk4xp3GbpHIEAWP0xTeuhEbendmvBDVKbAVv3PnODXLg==",
      "dev": true,
      "optional": true
    },
    "esbuild-linux-64": {
      "version": "0.14.21",
      "resolved": "https://registry.npmjs.org/esbuild-linux-64/-/esbuild-linux-64-0.14.21.tgz",
      "integrity": "sha512-edZyNOv1ql+kpmlzdqzzDjRQYls+tSyi4QFi+PdBhATJFUqHsnNELWA9vMSzAaInPOEaVUTA5Ml28XFChcy4DA==",
      "dev": true,
      "optional": true
    },
    "esbuild-linux-arm": {
      "version": "0.14.21",
      "resolved": "https://registry.npmjs.org/esbuild-linux-arm/-/esbuild-linux-arm-0.14.21.tgz",
      "integrity": "sha512-aSU5pUueK6afqmLQsbU+QcFBT62L+4G9hHMJDHWfxgid6hzhSmfRH9U/f+ymvxsSTr/HFRU4y7ox8ZyhlVl98w==",
      "dev": true,
      "optional": true
    },
    "esbuild-linux-arm64": {
      "version": "0.14.21",
      "resolved": "https://registry.npmjs.org/esbuild-linux-arm64/-/esbuild-linux-arm64-0.14.21.tgz",
      "integrity": "sha512-t5qxRkq4zdQC0zXpzSB2bTtfLgOvR0C6BXYaRE/6/k8/4SrkZcTZBeNu+xGvwCU4b5dU9ST9pwIWkK6T1grS8g==",
      "dev": true,
      "optional": true
    },
    "esbuild-linux-mips64le": {
      "version": "0.14.21",
      "resolved": "https://registry.npmjs.org/esbuild-linux-mips64le/-/esbuild-linux-mips64le-0.14.21.tgz",
      "integrity": "sha512-jLZLQGCNlUsmIHtGqNvBs3zN+7a4D9ckf0JZ+jQTwHdZJ1SgV9mAjbB980OFo66LoY+WeM7t3WEnq3FjI1zw4A==",
      "dev": true,
      "optional": true
    },
    "esbuild-linux-ppc64le": {
      "version": "0.14.21",
      "resolved": "https://registry.npmjs.org/esbuild-linux-ppc64le/-/esbuild-linux-ppc64le-0.14.21.tgz",
      "integrity": "sha512-4TWxpK391en2UBUw6GSrukToTDu6lL9vkm3Ll40HrI08WG3qcnJu7bl8e1+GzelDsiw1QmfAY/nNvJ6iaHRpCQ==",
      "dev": true,
      "optional": true
    },
    "esbuild-linux-riscv64": {
      "version": "0.14.21",
      "resolved": "https://registry.npmjs.org/esbuild-linux-riscv64/-/esbuild-linux-riscv64-0.14.21.tgz",
      "integrity": "sha512-fElngqOaOfTsF+u+oetDLHsPG74vB2ZaGZUqmGefAJn3a5z9Z2pNa4WpVbbKgHpaAAy5tWM1m1sbGohj6Ki6+Q==",
      "dev": true,
      "optional": true
    },
    "esbuild-linux-s390x": {
      "version": "0.14.21",
      "resolved": "https://registry.npmjs.org/esbuild-linux-s390x/-/esbuild-linux-s390x-0.14.21.tgz",
      "integrity": "sha512-brleZ6R5fYv0qQ7ZBwenQmP6i9TdvJCB092c/3D3pTLQHBGHJb5zWgKxOeS7bdHzmLy6a6W7GbFk6QKpjyD6QA==",
      "dev": true,
      "optional": true
    },
    "esbuild-netbsd-64": {
      "version": "0.14.21",
      "resolved": "https://registry.npmjs.org/esbuild-netbsd-64/-/esbuild-netbsd-64-0.14.21.tgz",
      "integrity": "sha512-nCEgsLCQ8RoFWVV8pVI+kX66ICwbPP/M9vEa0NJGIEB/Vs5sVGMqkf67oln90XNSkbc0bPBDuo4G6FxlF7PN8g==",
      "dev": true,
      "optional": true
    },
    "esbuild-openbsd-64": {
      "version": "0.14.21",
      "resolved": "https://registry.npmjs.org/esbuild-openbsd-64/-/esbuild-openbsd-64-0.14.21.tgz",
      "integrity": "sha512-h9zLMyVD0T73MDTVYIb/qUTokwI6EJH9O6wESuTNq6+XpMSr6C5aYZ4fvFKdNELW+Xsod+yDS2hV2JTUAbFrLA==",
      "dev": true,
      "optional": true
    },
    "esbuild-sunos-64": {
      "version": "0.14.21",
      "resolved": "https://registry.npmjs.org/esbuild-sunos-64/-/esbuild-sunos-64-0.14.21.tgz",
      "integrity": "sha512-Kl+7Cot32qd9oqpLdB1tEGXEkjBlijrIxMJ0+vlDFaqsODutif25on0IZlFxEBtL2Gosd4p5WCV1U7UskNQfXA==",
      "dev": true,
      "optional": true
    },
    "esbuild-windows-32": {
      "version": "0.14.21",
      "resolved": "https://registry.npmjs.org/esbuild-windows-32/-/esbuild-windows-32-0.14.21.tgz",
      "integrity": "sha512-V7vnTq67xPBUCk/9UtlolmQ798Ecjdr1ZoI1vcSgw7M82aSSt0eZdP6bh5KAFZU8pxDcx3qoHyWQfHYr11f22A==",
      "dev": true,
      "optional": true
    },
    "esbuild-windows-64": {
      "version": "0.14.21",
      "resolved": "https://registry.npmjs.org/esbuild-windows-64/-/esbuild-windows-64-0.14.21.tgz",
      "integrity": "sha512-kDgHjKOHwjfJDCyRGELzVxiP/RBJBTA+wyspf78MTTJQkyPuxH2vChReNdWc+dU2S4gIZFHMdP1Qrl/k22ZmaA==",
      "dev": true,
      "optional": true
    },
    "esbuild-windows-arm64": {
      "version": "0.14.21",
      "resolved": "https://registry.npmjs.org/esbuild-windows-arm64/-/esbuild-windows-arm64-0.14.21.tgz",
      "integrity": "sha512-8Sbo0zpzgwWrwjQYLmHF78f7E2xg5Ve63bjB2ng3V2aManilnnTGaliq2snYg+NOX60+hEvJHRdVnuIAHW0lVw==",
      "dev": true,
      "optional": true
    },
    "grosso-modo": {
      "version": "4.1.0",
      "resolved": "https://registry.npmjs.org/grosso-modo/-/grosso-modo-4.1.0.tgz",
      "integrity": "sha512-AtQcERjnw0k5ZJkBL3XL/7G5XtJWx+8suLD4YUA+IZbTtavkNSZ+MoknhKu9XEcNqjXBLKagHLSnx9F6dLc5+Q==",
      "requires": {
        "norm-dist": "^3.0.1",
        "walk-z": "^3.0.1"
      }
    },
    "ignore-walk": {
      "version": "4.0.1",
      "resolved": "https://registry.npmjs.org/ignore-walk/-/ignore-walk-4.0.1.tgz",
      "integrity": "sha512-rzDQLaW4jQbh2YrOFlJdCtX8qgJTehFRYiUB2r1osqTeDzV/3+Jh8fz1oAPzUThf3iku8Ds4IDqawI5d8mUiQw==",
      "dev": true,
      "requires": {
        "minimatch": "^3.0.4"
      }
    },
    "lazy-stats": {
      "version": "3.1.1",
      "resolved": "https://registry.npmjs.org/lazy-stats/-/lazy-stats-3.1.1.tgz",
      "integrity": "sha512-L9tOfHJR11/1T5cVWmnQvVH2HixRR46Nd3V6N68fKkbIXc743gilszCrFi/lcCeNICgPuMJ8m3zHxpa9mdfs6A=="
    },
    "minimatch": {
      "version": "3.1.2",
      "resolved": "https://registry.npmjs.org/minimatch/-/minimatch-3.1.2.tgz",
      "integrity": "sha512-J7p63hRiAjw1NDEww1W7i37+ByIrOWO5XQQAzZ3VOcL0PNybwpfmV/N05zFAzwQ9USyEcX6t3UO+K5aqBQOIHw==",
      "dev": true,
      "requires": {
        "brace-expansion": "^1.1.7"
      }
    },
    "norm-dist": {
      "version": "3.0.1",
      "resolved": "https://registry.npmjs.org/norm-dist/-/norm-dist-3.0.1.tgz",
      "integrity": "sha512-GXFoOTHjItCsrvrWWVSfvlB6W2e/V/qaRGbtIO8CkDG38WGh9rHh0hXooySJRTl+XEs1kkzl/JfvQH6wregN/Q=="
    },
    "pico-parse": {
      "version": "0.15.1",
      "resolved": "https://registry.npmjs.org/pico-parse/-/pico-parse-0.15.1.tgz",
      "integrity": "sha512-BX8DCXrDI9ekum+rEDVQtjChcc5jck4PeXUQ7soMbLI7IQVPwkqxwAlzhvdkshS2h4l+shZ7Q9476sEck4cVsA=="
    },
    "prismjs": {
      "version": "1.25.0",
      "resolved": "https://registry.npmjs.org/prismjs/-/prismjs-1.25.0.tgz",
      "integrity": "sha512-WCjJHl1KEWbnkQom1+SzftbtXMKQoezOCYs5rECqMN+jP+apI7ftoflyqigqzopSO3hMhTEb0mFClA8lkolgEg=="
    },
    "sample-distribution": {
      "version": "1.4.0",
      "resolved": "https://registry.npmjs.org/sample-distribution/-/sample-distribution-1.4.0.tgz",
      "integrity": "sha512-33LeotWKHSsdlTbtfMEk6LJ+J5hOe9wCuFGCbSpO6/6dYg8h50iIOzH+JJ7c9yMQDNRosHDB3DF6F0dt6xtlbA=="
    },
    "walk-z": {
      "version": "3.0.1",
      "resolved": "https://registry.npmjs.org/walk-z/-/walk-z-3.0.1.tgz",
      "integrity": "sha512-qXDZjhcKAllkdtpxOE3hTRMtysqLYnh0V13mmO7vFXFeliMs6mCrsP9KmwalLaEiMzVnkl7krDGRSEZNacGWZA==",
      "requires": {
        "norm-dist": "^2.0.1"
      },
      "dependencies": {
        "norm-dist": {
          "version": "2.0.2",
          "resolved": "https://registry.npmjs.org/norm-dist/-/norm-dist-2.0.2.tgz",
          "integrity": "sha512-5MKDFbgclvpodGwiZaADVKH9IGb7cpgIDDJX6ucY3Z76S8Zk+u9ur888VBJfGVfwFsuSEn6Lta6WZRRZuxoI5w=="
        }
      }
    }
  }
}
