{
  "name": "hville.github.io",
  "version": "1.0.0",
  "lockfileVersion": 3,
  "requires": true,
  "packages": {
    "": {
      "name": "hville.github.io",
      "version": "1.0.0",
      "license": "UNLICENSED",
      "dependencies": {
        "@hugov/bench": "^2.0.0",
        "@hugov/correl-range": "^0.11.0",
        "@hugov/correl-range2": "^0.2.0",
        "@hugov/inhtml": "^1.0.0",
        "@hugov/shorter-string": "^6.1.0",
        "@hugov/shorter-string2": "^0.1.0",
        "array-order": "^2.2.0",
        "codejar": "^4.2.0",
        "esprima": "^4.0.1",
        "grosso-modo": "^4.3.0",
        "lazy-stats": "^4.3.0",
        "norm-dist": "^3.0.1",
        "sample-distribution": "^1.7.1",
        "yace": "^0.0.6"
      },
      "devDependencies": {
        "@hugov/unnode": "^0.1.0"
      }
    },
    "node_modules/@esbuild/aix-ppc64": {
      "version": "0.25.5",
      "resolved": "https://registry.npmjs.org/@esbuild/aix-ppc64/-/aix-ppc64-0.25.5.tgz",
      "integrity": "sha512-9o3TMmpmftaCMepOdA5k/yDw8SfInyzWWTjYTFCX3kPSDJMROQTb8jg+h9Cnwnmm1vOzvxN7gIfB5V2ewpjtGA==",
      "cpu": [
        "ppc64"
      ],
      "dev": true,
      "optional": true,
      "os": [
        "aix"
      ],
      "engines": {
        "node": ">=18"
      }
    },
    "node_modules/@esbuild/android-arm": {
      "version": "0.25.5",
      "resolved": "https://registry.npmjs.org/@esbuild/android-arm/-/android-arm-0.25.5.tgz",
      "integrity": "sha512-AdJKSPeEHgi7/ZhuIPtcQKr5RQdo6OO2IL87JkianiMYMPbCtot9fxPbrMiBADOWWm3T2si9stAiVsGbTQFkbA==",
      "cpu": [
        "arm"
      ],
      "dev": true,
      "optional": true,
      "os": [
        "android"
      ],
      "engines": {
        "node": ">=18"
      }
    },
    "node_modules/@esbuild/android-arm64": {
      "version": "0.25.5",
      "resolved": "https://registry.npmjs.org/@esbuild/android-arm64/-/android-arm64-0.25.5.tgz",
      "integrity": "sha512-VGzGhj4lJO+TVGV1v8ntCZWJktV7SGCs3Pn1GRWI1SBFtRALoomm8k5E9Pmwg3HOAal2VDc2F9+PM/rEY6oIDg==",
      "cpu": [
        "arm64"
      ],
      "dev": true,
      "optional": true,
      "os": [
        "android"
      ],
      "engines": {
        "node": ">=18"
      }
    },
    "node_modules/@esbuild/android-x64": {
      "version": "0.25.5",
      "resolved": "https://registry.npmjs.org/@esbuild/android-x64/-/android-x64-0.25.5.tgz",
      "integrity": "sha512-D2GyJT1kjvO//drbRT3Hib9XPwQeWd9vZoBJn+bu/lVsOZ13cqNdDeqIF/xQ5/VmWvMduP6AmXvylO/PIc2isw==",
      "cpu": [
        "x64"
      ],
      "dev": true,
      "optional": true,
      "os": [
        "android"
      ],
      "engines": {
        "node": ">=18"
      }
    },
    "node_modules/@esbuild/darwin-arm64": {
      "version": "0.25.5",
      "resolved": "https://registry.npmjs.org/@esbuild/darwin-arm64/-/darwin-arm64-0.25.5.tgz",
      "integrity": "sha512-GtaBgammVvdF7aPIgH2jxMDdivezgFu6iKpmT+48+F8Hhg5J/sfnDieg0aeG/jfSvkYQU2/pceFPDKlqZzwnfQ==",
      "cpu": [
        "arm64"
      ],
      "dev": true,
      "optional": true,
      "os": [
        "darwin"
      ],
      "engines": {
        "node": ">=18"
      }
    },
    "node_modules/@esbuild/darwin-x64": {
      "version": "0.25.5",
      "resolved": "https://registry.npmjs.org/@esbuild/darwin-x64/-/darwin-x64-0.25.5.tgz",
      "integrity": "sha512-1iT4FVL0dJ76/q1wd7XDsXrSW+oLoquptvh4CLR4kITDtqi2e/xwXwdCVH8hVHU43wgJdsq7Gxuzcs6Iq/7bxQ==",
      "cpu": [
        "x64"
      ],
      "dev": true,
      "optional": true,
      "os": [
        "darwin"
      ],
      "engines": {
        "node": ">=18"
      }
    },
    "node_modules/@esbuild/freebsd-arm64": {
      "version": "0.25.5",
      "resolved": "https://registry.npmjs.org/@esbuild/freebsd-arm64/-/freebsd-arm64-0.25.5.tgz",
      "integrity": "sha512-nk4tGP3JThz4La38Uy/gzyXtpkPW8zSAmoUhK9xKKXdBCzKODMc2adkB2+8om9BDYugz+uGV7sLmpTYzvmz6Sw==",
      "cpu": [
        "arm64"
      ],
      "dev": true,
      "optional": true,
      "os": [
        "freebsd"
      ],
      "engines": {
        "node": ">=18"
      }
    },
    "node_modules/@esbuild/freebsd-x64": {
      "version": "0.25.5",
      "resolved": "https://registry.npmjs.org/@esbuild/freebsd-x64/-/freebsd-x64-0.25.5.tgz",
      "integrity": "sha512-PrikaNjiXdR2laW6OIjlbeuCPrPaAl0IwPIaRv+SMV8CiM8i2LqVUHFC1+8eORgWyY7yhQY+2U2fA55mBzReaw==",
      "cpu": [
        "x64"
      ],
      "dev": true,
      "optional": true,
      "os": [
        "freebsd"
      ],
      "engines": {
        "node": ">=18"
      }
    },
    "node_modules/@esbuild/linux-arm": {
      "version": "0.25.5",
      "resolved": "https://registry.npmjs.org/@esbuild/linux-arm/-/linux-arm-0.25.5.tgz",
      "integrity": "sha512-cPzojwW2okgh7ZlRpcBEtsX7WBuqbLrNXqLU89GxWbNt6uIg78ET82qifUy3W6OVww6ZWobWub5oqZOVtwolfw==",
      "cpu": [
        "arm"
      ],
      "dev": true,
      "optional": true,
      "os": [
        "linux"
      ],
      "engines": {
        "node": ">=18"
      }
    },
    "node_modules/@esbuild/linux-arm64": {
      "version": "0.25.5",
      "resolved": "https://registry.npmjs.org/@esbuild/linux-arm64/-/linux-arm64-0.25.5.tgz",
      "integrity": "sha512-Z9kfb1v6ZlGbWj8EJk9T6czVEjjq2ntSYLY2cw6pAZl4oKtfgQuS4HOq41M/BcoLPzrUbNd+R4BXFyH//nHxVg==",
      "cpu": [
        "arm64"
      ],
      "dev": true,
      "optional": true,
      "os": [
        "linux"
      ],
      "engines": {
        "node": ">=18"
      }
    },
    "node_modules/@esbuild/linux-ia32": {
      "version": "0.25.5",
      "resolved": "https://registry.npmjs.org/@esbuild/linux-ia32/-/linux-ia32-0.25.5.tgz",
      "integrity": "sha512-sQ7l00M8bSv36GLV95BVAdhJ2QsIbCuCjh/uYrWiMQSUuV+LpXwIqhgJDcvMTj+VsQmqAHL2yYaasENvJ7CDKA==",
      "cpu": [
        "ia32"
      ],
      "dev": true,
      "optional": true,
      "os": [
        "linux"
      ],
      "engines": {
        "node": ">=18"
      }
    },
    "node_modules/@esbuild/linux-loong64": {
      "version": "0.25.5",
      "resolved": "https://registry.npmjs.org/@esbuild/linux-loong64/-/linux-loong64-0.25.5.tgz",
      "integrity": "sha512-0ur7ae16hDUC4OL5iEnDb0tZHDxYmuQyhKhsPBV8f99f6Z9KQM02g33f93rNH5A30agMS46u2HP6qTdEt6Q1kg==",
      "cpu": [
        "loong64"
      ],
      "dev": true,
      "optional": true,
      "os": [
        "linux"
      ],
      "engines": {
        "node": ">=18"
      }
    },
    "node_modules/@esbuild/linux-mips64el": {
      "version": "0.25.5",
      "resolved": "https://registry.npmjs.org/@esbuild/linux-mips64el/-/linux-mips64el-0.25.5.tgz",
      "integrity": "sha512-kB/66P1OsHO5zLz0i6X0RxlQ+3cu0mkxS3TKFvkb5lin6uwZ/ttOkP3Z8lfR9mJOBk14ZwZ9182SIIWFGNmqmg==",
      "cpu": [
        "mips64el"
      ],
      "dev": true,
      "optional": true,
      "os": [
        "linux"
      ],
      "engines": {
        "node": ">=18"
      }
    },
    "node_modules/@esbuild/linux-ppc64": {
      "version": "0.25.5",
      "resolved": "https://registry.npmjs.org/@esbuild/linux-ppc64/-/linux-ppc64-0.25.5.tgz",
      "integrity": "sha512-UZCmJ7r9X2fe2D6jBmkLBMQetXPXIsZjQJCjgwpVDz+YMcS6oFR27alkgGv3Oqkv07bxdvw7fyB71/olceJhkQ==",
      "cpu": [
        "ppc64"
      ],
      "dev": true,
      "optional": true,
      "os": [
        "linux"
      ],
      "engines": {
        "node": ">=18"
      }
    },
    "node_modules/@esbuild/linux-riscv64": {
      "version": "0.25.5",
      "resolved": "https://registry.npmjs.org/@esbuild/linux-riscv64/-/linux-riscv64-0.25.5.tgz",
      "integrity": "sha512-kTxwu4mLyeOlsVIFPfQo+fQJAV9mh24xL+y+Bm6ej067sYANjyEw1dNHmvoqxJUCMnkBdKpvOn0Ahql6+4VyeA==",
      "cpu": [
        "riscv64"
      ],
      "dev": true,
      "optional": true,
      "os": [
        "linux"
      ],
      "engines": {
        "node": ">=18"
      }
    },
    "node_modules/@esbuild/linux-s390x": {
      "version": "0.25.5",
      "resolved": "https://registry.npmjs.org/@esbuild/linux-s390x/-/linux-s390x-0.25.5.tgz",
      "integrity": "sha512-K2dSKTKfmdh78uJ3NcWFiqyRrimfdinS5ErLSn3vluHNeHVnBAFWC8a4X5N+7FgVE1EjXS1QDZbpqZBjfrqMTQ==",
      "cpu": [
        "s390x"
      ],
      "dev": true,
      "optional": true,
      "os": [
        "linux"
      ],
      "engines": {
        "node": ">=18"
      }
    },
    "node_modules/@esbuild/linux-x64": {
      "version": "0.25.5",
      "resolved": "https://registry.npmjs.org/@esbuild/linux-x64/-/linux-x64-0.25.5.tgz",
      "integrity": "sha512-uhj8N2obKTE6pSZ+aMUbqq+1nXxNjZIIjCjGLfsWvVpy7gKCOL6rsY1MhRh9zLtUtAI7vpgLMK6DxjO8Qm9lJw==",
      "cpu": [
        "x64"
      ],
      "dev": true,
      "optional": true,
      "os": [
        "linux"
      ],
      "engines": {
        "node": ">=18"
      }
    },
    "node_modules/@esbuild/netbsd-arm64": {
      "version": "0.25.5",
      "resolved": "https://registry.npmjs.org/@esbuild/netbsd-arm64/-/netbsd-arm64-0.25.5.tgz",
      "integrity": "sha512-pwHtMP9viAy1oHPvgxtOv+OkduK5ugofNTVDilIzBLpoWAM16r7b/mxBvfpuQDpRQFMfuVr5aLcn4yveGvBZvw==",
      "cpu": [
        "arm64"
      ],
      "dev": true,
      "optional": true,
      "os": [
        "netbsd"
      ],
      "engines": {
        "node": ">=18"
      }
    },
    "node_modules/@esbuild/netbsd-x64": {
      "version": "0.25.5",
      "resolved": "https://registry.npmjs.org/@esbuild/netbsd-x64/-/netbsd-x64-0.25.5.tgz",
      "integrity": "sha512-WOb5fKrvVTRMfWFNCroYWWklbnXH0Q5rZppjq0vQIdlsQKuw6mdSihwSo4RV/YdQ5UCKKvBy7/0ZZYLBZKIbwQ==",
      "cpu": [
        "x64"
      ],
      "dev": true,
      "optional": true,
      "os": [
        "netbsd"
      ],
      "engines": {
        "node": ">=18"
      }
    },
    "node_modules/@esbuild/openbsd-arm64": {
      "version": "0.25.5",
      "resolved": "https://registry.npmjs.org/@esbuild/openbsd-arm64/-/openbsd-arm64-0.25.5.tgz",
      "integrity": "sha512-7A208+uQKgTxHd0G0uqZO8UjK2R0DDb4fDmERtARjSHWxqMTye4Erz4zZafx7Di9Cv+lNHYuncAkiGFySoD+Mw==",
      "cpu": [
        "arm64"
      ],
      "dev": true,
      "optional": true,
      "os": [
        "openbsd"
      ],
      "engines": {
        "node": ">=18"
      }
    },
    "node_modules/@esbuild/openbsd-x64": {
      "version": "0.25.5",
      "resolved": "https://registry.npmjs.org/@esbuild/openbsd-x64/-/openbsd-x64-0.25.5.tgz",
      "integrity": "sha512-G4hE405ErTWraiZ8UiSoesH8DaCsMm0Cay4fsFWOOUcz8b8rC6uCvnagr+gnioEjWn0wC+o1/TAHt+It+MpIMg==",
      "cpu": [
        "x64"
      ],
      "dev": true,
      "optional": true,
      "os": [
        "openbsd"
      ],
      "engines": {
        "node": ">=18"
      }
    },
    "node_modules/@esbuild/sunos-x64": {
      "version": "0.25.5",
      "resolved": "https://registry.npmjs.org/@esbuild/sunos-x64/-/sunos-x64-0.25.5.tgz",
      "integrity": "sha512-l+azKShMy7FxzY0Rj4RCt5VD/q8mG/e+mDivgspo+yL8zW7qEwctQ6YqKX34DTEleFAvCIUviCFX1SDZRSyMQA==",
      "cpu": [
        "x64"
      ],
      "dev": true,
      "optional": true,
      "os": [
        "sunos"
      ],
      "engines": {
        "node": ">=18"
      }
    },
    "node_modules/@esbuild/win32-arm64": {
      "version": "0.25.5",
      "resolved": "https://registry.npmjs.org/@esbuild/win32-arm64/-/win32-arm64-0.25.5.tgz",
      "integrity": "sha512-O2S7SNZzdcFG7eFKgvwUEZ2VG9D/sn/eIiz8XRZ1Q/DO5a3s76Xv0mdBzVM5j5R639lXQmPmSo0iRpHqUUrsxw==",
      "cpu": [
        "arm64"
      ],
      "dev": true,
      "optional": true,
      "os": [
        "win32"
      ],
      "engines": {
        "node": ">=18"
      }
    },
    "node_modules/@esbuild/win32-ia32": {
      "version": "0.25.5",
      "resolved": "https://registry.npmjs.org/@esbuild/win32-ia32/-/win32-ia32-0.25.5.tgz",
      "integrity": "sha512-onOJ02pqs9h1iMJ1PQphR+VZv8qBMQ77Klcsqv9CNW2w6yLqoURLcgERAIurY6QE63bbLuqgP9ATqajFLK5AMQ==",
      "cpu": [
        "ia32"
      ],
      "dev": true,
      "optional": true,
      "os": [
        "win32"
      ],
      "engines": {
        "node": ">=18"
      }
    },
    "node_modules/@esbuild/win32-x64": {
      "version": "0.25.5",
      "resolved": "https://registry.npmjs.org/@esbuild/win32-x64/-/win32-x64-0.25.5.tgz",
      "integrity": "sha512-TXv6YnJ8ZMVdX+SXWVBo/0p8LTcrUYngpWjvm91TMjjBQii7Oz11Lw5lbDV5Y0TzuhSJHwiH4hEtC1I42mMS0g==",
      "cpu": [
        "x64"
      ],
      "dev": true,
      "optional": true,
      "os": [
        "win32"
      ],
      "engines": {
        "node": ">=18"
      }
    },
    "node_modules/@hugov/bench": {
      "version": "2.0.0",
      "resolved": "https://registry.npmjs.org/@hugov/bench/-/bench-2.0.0.tgz",
      "integrity": "sha512-qfGLfxlW9UcaSLUJrj2IAFtR17PKSVCQPBjNWAoxQH/Q7eOoVIXbXIzkSGYN3xQi6fSrINvn9DTGEXcofX9mjw=="
    },
    "node_modules/@hugov/byte-views": {
      "version": "0.1.0",
      "resolved": "https://registry.npmjs.org/@hugov/byte-views/-/byte-views-0.1.0.tgz",
      "integrity": "sha512-UcA+PDviovQSEWiKtuZN25x0cxtsmfy5N54qYxnPmQueSUZMg+GT2GeRG2wLN4AkSsy8c3RZg+YAbR7epujA2Q=="
    },
    "node_modules/@hugov/correl-range": {
      "version": "0.11.0",
      "resolved": "https://registry.npmjs.org/@hugov/correl-range/-/correl-range-0.11.0.tgz",
      "integrity": "sha512-NCb9zBPVZzS/Bfl89qC1KMLbZ2OLUtLkHjRo57klXZxSt4f7WiXk4I7nhM7csSf3OAcAj0rKdla3BBiH1hqxaQ==",
      "dependencies": {
        "@hugov/byte-views": "^0.1.0",
        "grosso-modo": "^4.3.0",
        "lazy-stats": "^4.3.0",
        "norm-dist": "^3.1.0",
        "sample-distribution": "^1.8.0"
      }
    },
    "node_modules/@hugov/correl-range2": {
      "version": "0.2.1",
      "resolved": "https://registry.npmjs.org/@hugov/correl-range2/-/correl-range2-0.2.1.tgz",
      "integrity": "sha512-pHwlnfo9QpSCVXGtOkQeU9qPIgt7tT9JRMsUPn+fxGpQCiNoN/QyQgdY8BybnFvtwBtTZ5/pyUOw7fqenRboGA==",
      "dependencies": {
        "@hugov/byte-views": "^0.1.0",
        "@hugov/metanorm": "^0.5.0",
        "lazy-stats": "^4.3.0",
        "norm-dist": "^3.1.0",
        "sample-distribution": "^1.8.0"
      }
    },
    "node_modules/@hugov/inhtml": {
      "version": "1.0.0",
      "resolved": "https://registry.npmjs.org/@hugov/inhtml/-/inhtml-1.0.0.tgz",
      "integrity": "sha512-pKBaMZhu/tEqJQAkN+iCrb4ugt5URECpFdvg6wjmhTDY6KN+SjWbS3wN0ObI1ODPy7YwbsKfVoRHOWTEH5JE6A=="
    },
    "node_modules/@hugov/metanorm": {
      "version": "0.5.2",
      "resolved": "https://registry.npmjs.org/@hugov/metanorm/-/metanorm-0.5.2.tgz",
      "integrity": "sha512-XS8xfsGNd5e8m+mk4EKCD8hmf4tSfYcxHwgqax9OmSncZ0SgyjbmxgwBIHfmzFRWtLoHE3ikayoFIAzq7tCLrA==",
      "dependencies": {
        "norm-dist": "^3.1.0"
      }
    },
    "node_modules/@hugov/shorter-string": {
      "version": "6.1.0",
      "resolved": "https://registry.npmjs.org/@hugov/shorter-string/-/shorter-string-6.1.0.tgz",
      "integrity": "sha512-lbDnBRBvorA2InMO1yXYtv2PYnmu20Red8JsyEUj19QKELr3UlqBo6VEKk6zUVvkB+SQWwGuwNA6rTj2SrSIMQ=="
    },
    "node_modules/@hugov/shorter-string2": {
      "version": "0.1.0",
      "resolved": "https://registry.npmjs.org/@hugov/shorter-string2/-/shorter-string2-0.1.0.tgz",
      "integrity": "sha512-7rttt3Luptot4JctQNOM0bnAFOdR8rXuK735nyeh+K+wRVP2BA7KCSgYAQTV4ug5i2gUZ1R7EaH6NnZln1uO+A=="
    },
    "node_modules/@hugov/unnode": {
      "version": "0.1.0",
      "resolved": "https://registry.npmjs.org/@hugov/unnode/-/unnode-0.1.0.tgz",
      "integrity": "sha512-gbT6Gzl4EXNoV/STaBPLDg03BatNiH/ZmhwhSJVqriFvJ6xkfSukNDmafBzthGC2S7/clJqjpI8EDaYlFzWdNQ==",
      "dev": true,
      "dependencies": {
        "esbuild": "^0.25.4",
        "ignore-walk": "^4.0.1"
      },
      "bin": {
        "unnode": "cli.js"
      }
    },
    "node_modules/array-order": {
      "version": "2.2.0",
      "resolved": "https://registry.npmjs.org/array-order/-/array-order-2.2.0.tgz",
      "integrity": "sha512-9CzSh/fSVTVc36cbt0usGAHVHubmp0tybnr7N/Ojw95RwlUf2kGj4F41xlHaVnTLBpoyBug5bYRG0mnIJb/0mA=="
    },
    "node_modules/balanced-match": {
      "version": "1.0.2",
      "resolved": "https://registry.npmjs.org/balanced-match/-/balanced-match-1.0.2.tgz",
      "integrity": "sha512-3oSeUO0TMV67hN1AmbXsK4yaqU7tjiHlbxRDZOpH0KW9+CeX4bRAaX0Anxt0tx2MrpRpWwQaPwIlISEJhYU5Pw==",
      "dev": true
    },
    "node_modules/brace-expansion": {
      "version": "1.1.11",
      "resolved": "https://registry.npmjs.org/brace-expansion/-/brace-expansion-1.1.11.tgz",
      "integrity": "sha512-iCuPHDFgrHX7H2vEI/5xpz07zSHB00TpugqhmYtVmMO6518mCuRMoOYFldEBl0g187ufozdaHgWKcYFb61qGiA==",
      "dev": true,
      "dependencies": {
        "balanced-match": "^1.0.0",
        "concat-map": "0.0.1"
      }
    },
    "node_modules/codejar": {
      "version": "4.2.0",
      "resolved": "https://registry.npmjs.org/codejar/-/codejar-4.2.0.tgz",
      "integrity": "sha512-U8OZe+2B400W5nSSbXxaoboBN5i1hxWdBZJ9kcTy0DBuc4muwkPE/ph/MGX4yooIE8hztfNLPNU1CbcNYch69A=="
    },
    "node_modules/concat-map": {
      "version": "0.0.1",
      "resolved": "https://registry.npmjs.org/concat-map/-/concat-map-0.0.1.tgz",
      "integrity": "sha512-/Srv4dswyQNBfohGpz9o6Yb3Gz3SrUDqBH5rTuhGR7ahtlbYKnVxw2bCFMRljaA7EXHaXZ8wsHdodFvbkhKmqg==",
      "dev": true
    },
    "node_modules/esbuild": {
      "version": "0.25.5",
      "resolved": "https://registry.npmjs.org/esbuild/-/esbuild-0.25.5.tgz",
      "integrity": "sha512-P8OtKZRv/5J5hhz0cUAdu/cLuPIKXpQl1R9pZtvmHWQvrAUVd0UNIPT4IB4W3rNOqVO0rlqHmCIbSwxh/c9yUQ==",
      "dev": true,
      "hasInstallScript": true,
      "bin": {
        "esbuild": "bin/esbuild"
      },
      "engines": {
        "node": ">=18"
      },
      "optionalDependencies": {
        "@esbuild/aix-ppc64": "0.25.5",
        "@esbuild/android-arm": "0.25.5",
        "@esbuild/android-arm64": "0.25.5",
        "@esbuild/android-x64": "0.25.5",
        "@esbuild/darwin-arm64": "0.25.5",
        "@esbuild/darwin-x64": "0.25.5",
        "@esbuild/freebsd-arm64": "0.25.5",
        "@esbuild/freebsd-x64": "0.25.5",
        "@esbuild/linux-arm": "0.25.5",
        "@esbuild/linux-arm64": "0.25.5",
        "@esbuild/linux-ia32": "0.25.5",
        "@esbuild/linux-loong64": "0.25.5",
        "@esbuild/linux-mips64el": "0.25.5",
        "@esbuild/linux-ppc64": "0.25.5",
        "@esbuild/linux-riscv64": "0.25.5",
        "@esbuild/linux-s390x": "0.25.5",
        "@esbuild/linux-x64": "0.25.5",
        "@esbuild/netbsd-arm64": "0.25.5",
        "@esbuild/netbsd-x64": "0.25.5",
        "@esbuild/openbsd-arm64": "0.25.5",
        "@esbuild/openbsd-x64": "0.25.5",
        "@esbuild/sunos-x64": "0.25.5",
        "@esbuild/win32-arm64": "0.25.5",
        "@esbuild/win32-ia32": "0.25.5",
        "@esbuild/win32-x64": "0.25.5"
      }
    },
    "node_modules/esprima": {
      "version": "4.0.1",
      "resolved": "https://registry.npmjs.org/esprima/-/esprima-4.0.1.tgz",
      "integrity": "sha512-eGuFFw7Upda+g4p+QHvnW0RyTX/SVeJBDM/gCtMARO0cLuT2HcEKnTPvhjV6aGeqrCB/sbNop0Kszm0jsaWU4A==",
      "bin": {
        "esparse": "bin/esparse.js",
        "esvalidate": "bin/esvalidate.js"
      },
      "engines": {
        "node": ">=4"
      }
    },
    "node_modules/grosso-modo": {
      "version": "4.3.0",
      "resolved": "https://registry.npmjs.org/grosso-modo/-/grosso-modo-4.3.0.tgz",
      "integrity": "sha512-jUTwX1wBiZeR4WiVyRn+tCDmwKEuzM20QHF6OaJanCFnGG+FR0NsdzjuCkJBEVuIWi1esqFl/TrUWFmpsh9Vxw==",
      "dependencies": {
        "norm-dist": "^3.1.0",
        "walk-z": "^3.0.1"
      }
    },
    "node_modules/ignore-walk": {
      "version": "4.0.1",
      "resolved": "https://registry.npmjs.org/ignore-walk/-/ignore-walk-4.0.1.tgz",
      "integrity": "sha512-rzDQLaW4jQbh2YrOFlJdCtX8qgJTehFRYiUB2r1osqTeDzV/3+Jh8fz1oAPzUThf3iku8Ds4IDqawI5d8mUiQw==",
      "dev": true,
      "dependencies": {
        "minimatch": "^3.0.4"
      },
      "engines": {
        "node": ">=10"
      }
    },
    "node_modules/lazy-stats": {
      "version": "4.3.0",
      "resolved": "https://registry.npmjs.org/lazy-stats/-/lazy-stats-4.3.0.tgz",
      "integrity": "sha512-RZ9JBLQJvs+Vdbj/FYnnupt4x4RfDHNx1Br8B79pv7v4Zb0/RgQmVnodIwu+NfiqcVQJIzZ7Q3No8XuBTmXBcA==",
      "dependencies": {
        "@hugov/byte-views": "^0.1.0"
      }
    },
    "node_modules/minimatch": {
      "version": "3.1.5",
      "resolved": "https://registry.npmjs.org/minimatch/-/minimatch-3.1.5.tgz",
      "integrity": "sha512-VgjWUsnnT6n+NUk6eZq77zeFdpW2LWDzP6zFGrCbHXiYNul5Dzqk2HHQ5uFH2DNW5Xbp8+jVzaeNt94ssEEl4w==",
      "dev": true,
      "license": "ISC",
      "dependencies": {
        "brace-expansion": "^1.1.7"
      },
      "engines": {
        "node": "*"
      }
    },
    "node_modules/norm-dist": {
      "version": "3.1.0",
      "resolved": "https://registry.npmjs.org/norm-dist/-/norm-dist-3.1.0.tgz",
      "integrity": "sha512-Bd1Kb0Qx5eWjNxft8gWwjqTCi7LI7kvsQb3fT+JbOj++3B4mZWiOt8fpgQ8LJF+/zvT05b2HHk9EKjkqzpsD/w=="
    },
    "node_modules/sample-distribution": {
      "version": "1.8.0",
      "resolved": "https://registry.npmjs.org/sample-distribution/-/sample-distribution-1.8.0.tgz",
      "integrity": "sha512-1NTJUjZ23Q5e/j1uKie4PyJfbWSRV5VRmT49WPUjCMAHuvQ1j6PyDJFBqwuOl7+p0q4YP9alcPCeI+PzjVfY/w=="
    },
    "node_modules/walk-z": {
      "version": "3.0.1",
      "resolved": "https://registry.npmjs.org/walk-z/-/walk-z-3.0.1.tgz",
      "integrity": "sha512-qXDZjhcKAllkdtpxOE3hTRMtysqLYnh0V13mmO7vFXFeliMs6mCrsP9KmwalLaEiMzVnkl7krDGRSEZNacGWZA==",
      "dependencies": {
        "norm-dist": "^2.0.1"
      }
    },
    "node_modules/walk-z/node_modules/norm-dist": {
      "version": "2.0.2",
      "resolved": "https://registry.npmjs.org/norm-dist/-/norm-dist-2.0.2.tgz",
      "integrity": "sha512-5MKDFbgclvpodGwiZaADVKH9IGb7cpgIDDJX6ucY3Z76S8Zk+u9ur888VBJfGVfwFsuSEn6Lta6WZRRZuxoI5w=="
    },
    "node_modules/yace": {
      "version": "0.0.6",
      "resolved": "https://registry.npmjs.org/yace/-/yace-0.0.6.tgz",
      "integrity": "sha512-QuIjFzdVwyaMFxypmKS3AlUBW8A8hYVzCc095pazTrZDFnEwHhj63y4s1hCTo/UIOHqv1sgDKqCJMQ0gX+ptkA=="
    }
  }
}
